
Microsoft Visual Studio Solution File, Format Version 12.00
# Visual Studio 14
VisualStudioVersion = 14.0.23107.0
MinimumVisualStudioVersion = 10.0.40219.1
Project("{FAE04EC0-301F-11D3-BF4B-00C04F79EFBC}") = "Project-Yahtzee_Enkelvoudige-opdracht", "Project-Yahtzee_Enkelvoudige-opdracht\Project-Yahtzee_Enkelvoudige-opdracht.csproj", "{1F418885-D74C-4863-A342-ED98B0676E0D}"
EndProject
Global
	GlobalSection(SolutionConfigurationPlatforms) = preSolution
		Debug|Any CPU = Debug|Any CPU
		Release|Any CPU = Release|Any CPU
	EndGlobalSection
	GlobalSection(ProjectConfigurationPlatforms) = postSolution
		{1F418885-D74C-4863-A342-ED98B0676E0D}.Debug|Any CPU.ActiveCfg = Debug|Any CPU
		{1F418885-D74C-4863-A342-ED98B0676E0D}.Debug|Any CPU.Build.0 = Debug|Any CPU
		{1F418885-D74C-4863-A342-ED98B0676E0D}.Release|Any CPU.ActiveCfg = Release|Any CPU
		{1F418885-D74C-4863-A342-ED98B0676E0D}.Release|Any CPU.Build.0 = Release|Any CPU
	EndGlobalSection
	GlobalSection(SolutionProperties) = preSolution
		HideSolutionNode = FALSE
	EndGlobalSection
EndGlobal
